
Microsoft Visual Studio Solution File, Format Version 12.00
# Visual Studio 14
VisualStudioVersion = 14.0.25123.0
MinimumVisualStudioVersion = 10.0.40219.1
Project("{FAE04EC0-301F-11D3-BF4B-00C04F79EFBC}") = "VL.Console", "VL.Console\VL.Console.csproj", "{7E7543BE-484C-46E2-B233-4F528ABB7B49}"
EndProject
Project("{FAE04EC0-301F-11D3-BF4B-00C04F79EFBC}") = "VL.MVC", "VL.MVC\VL.MVC.csproj", "{DF102AFF-BD6E-431D-AEFE-68273486358D}"
EndProject
Project("{FAE04EC0-301F-11D3-BF4B-00C04F79EFBC}") = "VL.MVC.Tests", "VL.MVC.Tests\VL.MVC.Tests.csproj", "{685EAFE1-D607-40D2-A804-97722AA4B4BE}"
EndProject
Project("{2150E333-8FDC-42A3-9474-1A3956D46DE8}") = "Tests", "Tests", "{30D0EC8B-EF30-49FA-A547-E235EE7F3583}"
EndProject
Project("{FAE04EC0-301F-11D3-BF4B-00C04F79EFBC}") = "VL.WebAPI", "VL.WebAPI\VL.WebAPI.csproj", "{8AE3B27A-6528-4DA2-8DDF-055A61BEBB74}"
EndProject
Global
	GlobalSection(SolutionConfigurationPlatforms) = preSolution
		Debug|Any CPU = Debug|Any CPU
		Release|Any CPU = Release|Any CPU
	EndGlobalSection
	GlobalSection(ProjectConfigurationPlatforms) = postSolution
		{7E7543BE-484C-46E2-B233-4F528ABB7B49}.Debug|Any CPU.ActiveCfg = Debug|Any CPU
		{7E7543BE-484C-46E2-B233-4F528ABB7B49}.Debug|Any CPU.Build.0 = Debug|Any CPU
		{7E7543BE-484C-46E2-B233-4F528ABB7B49}.Release|Any CPU.ActiveCfg = Release|Any CPU
		{7E7543BE-484C-46E2-B233-4F528ABB7B49}.Release|Any CPU.Build.0 = Release|Any CPU
		{DF102AFF-BD6E-431D-AEFE-68273486358D}.Debug|Any CPU.ActiveCfg = Debug|Any CPU
		{DF102AFF-BD6E-431D-AEFE-68273486358D}.Debug|Any CPU.Build.0 = Debug|Any CPU
		{DF102AFF-BD6E-431D-AEFE-68273486358D}.Release|Any CPU.ActiveCfg = Release|Any CPU
		{DF102AFF-BD6E-431D-AEFE-68273486358D}.Release|Any CPU.Build.0 = Release|Any CPU
		{685EAFE1-D607-40D2-A804-97722AA4B4BE}.Debug|Any CPU.ActiveCfg = Debug|Any CPU
		{685EAFE1-D607-40D2-A804-97722AA4B4BE}.Debug|Any CPU.Build.0 = Debug|Any CPU
		{685EAFE1-D607-40D2-A804-97722AA4B4BE}.Release|Any CPU.ActiveCfg = Release|Any CPU
		{685EAFE1-D607-40D2-A804-97722AA4B4BE}.Release|Any CPU.Build.0 = Release|Any CPU
		{8AE3B27A-6528-4DA2-8DDF-055A61BEBB74}.Debug|Any CPU.ActiveCfg = Debug|Any CPU
		{8AE3B27A-6528-4DA2-8DDF-055A61BEBB74}.Debug|Any CPU.Build.0 = Debug|Any CPU
		{8AE3B27A-6528-4DA2-8DDF-055A61BEBB74}.Release|Any CPU.ActiveCfg = Release|Any CPU
		{8AE3B27A-6528-4DA2-8DDF-055A61BEBB74}.Release|Any CPU.Build.0 = Release|Any CPU
	EndGlobalSection
	GlobalSection(SolutionProperties) = preSolution
		HideSolutionNode = FALSE
	EndGlobalSection
	GlobalSection(NestedProjects) = preSolution
		{685EAFE1-D607-40D2-A804-97722AA4B4BE} = {30D0EC8B-EF30-49FA-A547-E235EE7F3583}
	EndGlobalSection
EndGlobal
